
Microsoft Visual Studio Solution File, Format Version 12.00
# Visual Studio Version 17
VisualStudioVersion = 17.14.36705.20 d17.14
MinimumVisualStudioVersion = 10.0.40219.1
Project("{F184B08F-C81C-45F6-A57F-5ABD9991F28F}") = "PapeleriaIsabel", "PapeleriaIsabel\PapeleriaIsabel.vbproj", "{55487B69-0A80-41C4-AB22-0A6F860F616F}"
EndProject
Global
	GlobalSection(SolutionConfigurationPlatforms) = preSolution
		Debug|Any CPU = Debug|Any CPU
		Release|Any CPU = Release|Any CPU
	EndGlobalSection
	GlobalSection(ProjectConfigurationPlatforms) = postSolution
		{55487B69-0A80-41C4-AB22-0A6F860F616F}.Debug|Any CPU.ActiveCfg = Debug|Any CPU
		{55487B69-0A80-41C4-AB22-0A6F860F616F}.Debug|Any CPU.Build.0 = Debug|Any CPU
		{55487B69-0A80-41C4-AB22-0A6F860F616F}.Release|Any CPU.ActiveCfg = Release|Any CPU
		{55487B69-0A80-41C4-AB22-0A6F860F616F}.Release|Any CPU.Build.0 = Release|Any CPU
	EndGlobalSection
	GlobalSection(SolutionProperties) = preSolution
		HideSolutionNode = FALSE
	EndGlobalSection
	GlobalSection(ExtensibilityGlobals) = postSolution
		SolutionGuid = {A5B43639-0AF2-4028-BAB2-D975004DD56A}
	EndGlobalSection
EndGlobal
